# This file is automatically @generated by Cargo.
# It is not intended for manual editing.
version = 4

[[package]]
name = "agent"
version = "0.1.0"

[[package]]
name = "core"
version = "0.1.0"

[[package]]
name = "hr_agent"
version = "0.1.0"

[[package]]
name = "journalist_agent"
version = "0.1.0"

[[package]]
name = "lawyer_agent"
version = "0.1.0"

[[package]]
name = "manager_agent"
version = "0.1.0"

[[package]]
name = "salesman_agent"
version = "0.1.0"

[[package]]
name = "swe_agent"
version = "0.1.0"

[[package]]
name = "teach_lead_agent"
version = "0.1.0"
